
Microsoft Visual Studio Solution File, Format Version 12.00
# Visual Studio Version 17
VisualStudioVersion = 17.8.34322.80
MinimumVisualStudioVersion = 10.0.40219.1
Project("{2150E333-8FDC-42A3-9474-1A3956D46DE8}") = "src", "src", "{EAD974E8-506B-4C67-A785-9CAB75CBDFF9}"
EndProject
Project("{2150E333-8FDC-42A3-9474-1A3956D46DE8}") = "Catalog", "Catalog", "{0E38E5C4-DFED-4B3D-ACE8-C3889024E4EA}"
EndProject
Project("{9A19103F-16F7-4668-BE54-9A1E7A4F7556}") = "Catalog.API", "src\Catalog\Catalog.API\Catalog.API.csproj", "{E110AC65-1EC9-458E-A0C5-1954D92AE887}"
EndProject
Project("{E53339B2-1760-4266-BCC7-CA923CBCF16C}") = "docker-compose", "docker-compose.dcproj", "{EB6D6CD4-5983-433F-8BC5-DA72B2E97AA3}"
EndProject
Project("{2150E333-8FDC-42A3-9474-1A3956D46DE8}") = "Basket", "Basket", "{3231B546-3162-4DBB-B195-AF7D96C22E43}"
EndProject
Project("{9A19103F-16F7-4668-BE54-9A1E7A4F7556}") = "Basket.API", "src\Basket\Basket.API\Basket.API.csproj", "{13062B09-D228-4280-B50F-FEC74FE32CE9}"
EndProject
Project("{2150E333-8FDC-42A3-9474-1A3956D46DE8}") = "Common", "Common", "{242C7774-21FF-468D-A392-64D29DFA5093}"
EndProject
Project("{9A19103F-16F7-4668-BE54-9A1E7A4F7556}") = "EventBusRabbitMQ", "src\Common\EventBusRabbitMQ\EventBusRabbitMQ.csproj", "{9BA54545-4B37-4EC0-B32A-C4E7A892BA15}"
EndProject
Project("{2150E333-8FDC-42A3-9474-1A3956D46DE8}") = "Discount", "Discount", "{806B10EE-E9D1-4CF0-9D89-0D16E2FE144B}"
EndProject
Project("{9A19103F-16F7-4668-BE54-9A1E7A4F7556}") = "Discount.API", "src\Discount\Discount.API\Discount.API.csproj", "{6C90C58E-9DC3-47DC-B749-A54EFD3835A3}"
EndProject
Project("{2150E333-8FDC-42A3-9474-1A3956D46DE8}") = "Ordering", "Ordering", "{DC6B290D-ECE0-44DD-AB38-6AF59AD1C261}"
EndProject
Project("{9A19103F-16F7-4668-BE54-9A1E7A4F7556}") = "Ordering.API", "src\Ordering\Ordering.API\Ordering.API.csproj", "{AC393FB8-3113-45AF-8E5F-ECD673BF2C19}"
EndProject
Project("{9A19103F-16F7-4668-BE54-9A1E7A4F7556}") = "Ordering.Core", "src\Ordering\Ordering.Core\Ordering.Core.csproj", "{5415066D-1F42-4E7E-BBBA-C2BA65ED850C}"
EndProject
Project("{9A19103F-16F7-4668-BE54-9A1E7A4F7556}") = "Ordering.Infrastracture", "src\Ordering\Ordering.Infrastracture\Ordering.Infrastracture.csproj", "{031E085A-2A2E-46B0-982C-1B0909490435}"
EndProject
Project("{9A19103F-16F7-4668-BE54-9A1E7A4F7556}") = "Ordering.Application", "src\Ordering\Ordering.Application\Ordering.Application.csproj", "{3787C006-1AE8-499C-983C-64F53CED8947}"
EndProject
Project("{2150E333-8FDC-42A3-9474-1A3956D46DE8}") = "ApiGateway", "ApiGateway", "{2D3AA48E-7154-495C-8704-C86518D4C45F}"
EndProject
Project("{9A19103F-16F7-4668-BE54-9A1E7A4F7556}") = "OcelotApiGateway", "src\ApiGateway\OcelotApiGateway\OcelotApiGateway.csproj", "{D3F518EA-C47B-4237-A8A1-755668D8E367}"
EndProject
Project("{9A19103F-16F7-4668-BE54-9A1E7A4F7556}") = "Discount.GRPC", "src\Discount\Discount.GRPC\Discount.GRPC.csproj", "{0AA00528-2F84-482A-A6DC-C70368285D1E}"
EndProject
Project("{FAE04EC0-301F-11D3-BF4B-00C04F79EFBC}") = "Shopping.Aggregator", "src\ApiGateway\Shopping.Aggreagtor\Shopping.Aggregator.csproj", "{96987172-57B1-4C99-84B8-0A4A00831C9F}"
EndProject
Global
	GlobalSection(SolutionConfigurationPlatforms) = preSolution
		Debug|Any CPU = Debug|Any CPU
		Release|Any CPU = Release|Any CPU
	EndGlobalSection
	GlobalSection(ProjectConfigurationPlatforms) = postSolution
		{E110AC65-1EC9-458E-A0C5-1954D92AE887}.Debug|Any CPU.ActiveCfg = Debug|Any CPU
		{E110AC65-1EC9-458E-A0C5-1954D92AE887}.Debug|Any CPU.Build.0 = Debug|Any CPU
		{E110AC65-1EC9-458E-A0C5-1954D92AE887}.Release|Any CPU.ActiveCfg = Release|Any CPU
		{E110AC65-1EC9-458E-A0C5-1954D92AE887}.Release|Any CPU.Build.0 = Release|Any CPU
		{EB6D6CD4-5983-433F-8BC5-DA72B2E97AA3}.Debug|Any CPU.ActiveCfg = Debug|Any CPU
		{EB6D6CD4-5983-433F-8BC5-DA72B2E97AA3}.Debug|Any CPU.Build.0 = Debug|Any CPU
		{EB6D6CD4-5983-433F-8BC5-DA72B2E97AA3}.Release|Any CPU.ActiveCfg = Release|Any CPU
		{EB6D6CD4-5983-433F-8BC5-DA72B2E97AA3}.Release|Any CPU.Build.0 = Release|Any CPU
		{13062B09-D228-4280-B50F-FEC74FE32CE9}.Debug|Any CPU.ActiveCfg = Debug|Any CPU
		{13062B09-D228-4280-B50F-FEC74FE32CE9}.Debug|Any CPU.Build.0 = Debug|Any CPU
		{13062B09-D228-4280-B50F-FEC74FE32CE9}.Release|Any CPU.ActiveCfg = Release|Any CPU
		{13062B09-D228-4280-B50F-FEC74FE32CE9}.Release|Any CPU.Build.0 = Release|Any CPU
		{9BA54545-4B37-4EC0-B32A-C4E7A892BA15}.Debug|Any CPU.ActiveCfg = Debug|Any CPU
		{9BA54545-4B37-4EC0-B32A-C4E7A892BA15}.Debug|Any CPU.Build.0 = Debug|Any CPU
		{9BA54545-4B37-4EC0-B32A-C4E7A892BA15}.Release|Any CPU.ActiveCfg = Release|Any CPU
		{9BA54545-4B37-4EC0-B32A-C4E7A892BA15}.Release|Any CPU.Build.0 = Release|Any CPU
		{6C90C58E-9DC3-47DC-B749-A54EFD3835A3}.Debug|Any CPU.ActiveCfg = Debug|Any CPU
		{6C90C58E-9DC3-47DC-B749-A54EFD3835A3}.Debug|Any CPU.Build.0 = Debug|Any CPU
		{6C90C58E-9DC3-47DC-B749-A54EFD3835A3}.Release|Any CPU.ActiveCfg = Release|Any CPU
		{6C90C58E-9DC3-47DC-B749-A54EFD3835A3}.Release|Any CPU.Build.0 = Release|Any CPU
		{AC393FB8-3113-45AF-8E5F-ECD673BF2C19}.Debug|Any CPU.ActiveCfg = Debug|Any CPU
		{AC393FB8-3113-45AF-8E5F-ECD673BF2C19}.Debug|Any CPU.Build.0 = Debug|Any CPU
		{AC393FB8-3113-45AF-8E5F-ECD673BF2C19}.Release|Any CPU.ActiveCfg = Release|Any CPU
		{AC393FB8-3113-45AF-8E5F-ECD673BF2C19}.Release|Any CPU.Build.0 = Release|Any CPU
		{5415066D-1F42-4E7E-BBBA-C2BA65ED850C}.Debug|Any CPU.ActiveCfg = Debug|Any CPU
		{5415066D-1F42-4E7E-BBBA-C2BA65ED850C}.Debug|Any CPU.Build.0 = Debug|Any CPU
		{5415066D-1F42-4E7E-BBBA-C2BA65ED850C}.Release|Any CPU.ActiveCfg = Release|Any CPU
		{5415066D-1F42-4E7E-BBBA-C2BA65ED850C}.Release|Any CPU.Build.0 = Release|Any CPU
		{031E085A-2A2E-46B0-982C-1B0909490435}.Debug|Any CPU.ActiveCfg = Debug|Any CPU
		{031E085A-2A2E-46B0-982C-1B0909490435}.Debug|Any CPU.Build.0 = Debug|Any CPU
		{031E085A-2A2E-46B0-982C-1B0909490435}.Release|Any CPU.ActiveCfg = Release|Any CPU
		{031E085A-2A2E-46B0-982C-1B0909490435}.Release|Any CPU.Build.0 = Release|Any CPU
		{3787C006-1AE8-499C-983C-64F53CED8947}.Debug|Any CPU.ActiveCfg = Debug|Any CPU
		{3787C006-1AE8-499C-983C-64F53CED8947}.Debug|Any CPU.Build.0 = Debug|Any CPU
		{3787C006-1AE8-499C-983C-64F53CED8947}.Release|Any CPU.ActiveCfg = Release|Any CPU
		{3787C006-1AE8-499C-983C-64F53CED8947}.Release|Any CPU.Build.0 = Release|Any CPU
		{D3F518EA-C47B-4237-A8A1-755668D8E367}.Debug|Any CPU.ActiveCfg = Debug|Any CPU
		{D3F518EA-C47B-4237-A8A1-755668D8E367}.Debug|Any CPU.Build.0 = Debug|Any CPU
		{D3F518EA-C47B-4237-A8A1-755668D8E367}.Release|Any CPU.ActiveCfg = Release|Any CPU
		{D3F518EA-C47B-4237-A8A1-755668D8E367}.Release|Any CPU.Build.0 = Release|Any CPU
		{0AA00528-2F84-482A-A6DC-C70368285D1E}.Debug|Any CPU.ActiveCfg = Debug|Any CPU
		{0AA00528-2F84-482A-A6DC-C70368285D1E}.Debug|Any CPU.Build.0 = Debug|Any CPU
		{0AA00528-2F84-482A-A6DC-C70368285D1E}.Release|Any CPU.ActiveCfg = Release|Any CPU
		{0AA00528-2F84-482A-A6DC-C70368285D1E}.Release|Any CPU.Build.0 = Release|Any CPU
		{96987172-57B1-4C99-84B8-0A4A00831C9F}.Debug|Any CPU.ActiveCfg = Debug|Any CPU
		{96987172-57B1-4C99-84B8-0A4A00831C9F}.Debug|Any CPU.Build.0 = Debug|Any CPU
		{96987172-57B1-4C99-84B8-0A4A00831C9F}.Release|Any CPU.ActiveCfg = Release|Any CPU
		{96987172-57B1-4C99-84B8-0A4A00831C9F}.Release|Any CPU.Build.0 = Release|Any CPU
	EndGlobalSection
	GlobalSection(SolutionProperties) = preSolution
		HideSolutionNode = FALSE
	EndGlobalSection
	GlobalSection(NestedProjects) = preSolution
		{0E38E5C4-DFED-4B3D-ACE8-C3889024E4EA} = {EAD974E8-506B-4C67-A785-9CAB75CBDFF9}
		{E110AC65-1EC9-458E-A0C5-1954D92AE887} = {0E38E5C4-DFED-4B3D-ACE8-C3889024E4EA}
		{3231B546-3162-4DBB-B195-AF7D96C22E43} = {EAD974E8-506B-4C67-A785-9CAB75CBDFF9}
		{13062B09-D228-4280-B50F-FEC74FE32CE9} = {3231B546-3162-4DBB-B195-AF7D96C22E43}
		{242C7774-21FF-468D-A392-64D29DFA5093} = {EAD974E8-506B-4C67-A785-9CAB75CBDFF9}
		{9BA54545-4B37-4EC0-B32A-C4E7A892BA15} = {242C7774-21FF-468D-A392-64D29DFA5093}
		{806B10EE-E9D1-4CF0-9D89-0D16E2FE144B} = {EAD974E8-506B-4C67-A785-9CAB75CBDFF9}
		{6C90C58E-9DC3-47DC-B749-A54EFD3835A3} = {806B10EE-E9D1-4CF0-9D89-0D16E2FE144B}
		{DC6B290D-ECE0-44DD-AB38-6AF59AD1C261} = {EAD974E8-506B-4C67-A785-9CAB75CBDFF9}
		{AC393FB8-3113-45AF-8E5F-ECD673BF2C19} = {DC6B290D-ECE0-44DD-AB38-6AF59AD1C261}
		{5415066D-1F42-4E7E-BBBA-C2BA65ED850C} = {DC6B290D-ECE0-44DD-AB38-6AF59AD1C261}
		{031E085A-2A2E-46B0-982C-1B0909490435} = {DC6B290D-ECE0-44DD-AB38-6AF59AD1C261}
		{3787C006-1AE8-499C-983C-64F53CED8947} = {DC6B290D-ECE0-44DD-AB38-6AF59AD1C261}
		{2D3AA48E-7154-495C-8704-C86518D4C45F} = {EAD974E8-506B-4C67-A785-9CAB75CBDFF9}
		{D3F518EA-C47B-4237-A8A1-755668D8E367} = {2D3AA48E-7154-495C-8704-C86518D4C45F}
		{0AA00528-2F84-482A-A6DC-C70368285D1E} = {806B10EE-E9D1-4CF0-9D89-0D16E2FE144B}
		{96987172-57B1-4C99-84B8-0A4A00831C9F} = {2D3AA48E-7154-495C-8704-C86518D4C45F}
	EndGlobalSection
	GlobalSection(ExtensibilityGlobals) = postSolution
		SolutionGuid = {8551A20A-EBFF-418A-9588-126C0B375FA3}
	EndGlobalSection
EndGlobal
